
Microsoft Visual Studio Solution File, Format Version 12.00
# Visual Studio Version 17
VisualStudioVersion = 17.1.32407.343
MinimumVisualStudioVersion = 10.0.40219.1
Project("{FAE04EC0-301F-11D3-BF4B-00C04F79EFBC}") = "stp3_bavykin_console", "stp3_bavykin_console.csproj", "{845568FC-D2E1-45F7-B723-D9852069B6E8}"
EndProject
Global
	GlobalSection(SolutionConfigurationPlatforms) = preSolution
		Debug|Any CPU = Debug|Any CPU
		Release|Any CPU = Release|Any CPU
	EndGlobalSection
	GlobalSection(ProjectConfigurationPlatforms) = postSolution
		{845568FC-D2E1-45F7-B723-D9852069B6E8}.Debug|Any CPU.ActiveCfg = Debug|Any CPU
		{845568FC-D2E1-45F7-B723-D9852069B6E8}.Debug|Any CPU.Build.0 = Debug|Any CPU
		{845568FC-D2E1-45F7-B723-D9852069B6E8}.Release|Any CPU.ActiveCfg = Release|Any CPU
		{845568FC-D2E1-45F7-B723-D9852069B6E8}.Release|Any CPU.Build.0 = Release|Any CPU
	EndGlobalSection
	GlobalSection(SolutionProperties) = preSolution
		HideSolutionNode = FALSE
	EndGlobalSection
	GlobalSection(ExtensibilityGlobals) = postSolution
		SolutionGuid = {1865623D-A394-4114-B282-C886DCA45067}
	EndGlobalSection
EndGlobal
